// !$*UTF8*$!
{
	archiveVersion = 1;
	classes = {
	};
	objectVersion = 46;
	objects = {

/* Begin PBXBuildFile section */
		30570B091E662DBC0031BE0D /* AppDelegate.swift in Sources */ = {isa = PBXBuildFile; fileRef = 30570B081E662DBC0031BE0D /* AppDelegate.swift */; };
		30570B0B1E662DBC0031BE0D /* ViewController.swift in Sources */ = {isa = PBXBuildFile; fileRef = 30570B0A1E662DBC0031BE0D /* ViewController.swift */; };
		30570B0E1E662DBC0031BE0D /* Main.storyboard in Resources */ = {isa = PBXBuildFile; fileRef = 30570B0C1E662DBC0031BE0D /* Main.storyboard */; };
		30570B111E662DBC0031BE0D /* seniorproject.xcdatamodeld in Sources */ = {isa = PBXBuildFile; fileRef = 30570B0F1E662DBC0031BE0D /* seniorproject.xcdatamodeld */; };
		30570B131E662DBC0031BE0D /* Assets.xcassets in Resources */ = {isa = PBXBuildFile; fileRef = 30570B121E662DBC0031BE0D /* Assets.xcassets */; };
		30570B161E662DBC0031BE0D /* LaunchScreen.storyboard in Resources */ = {isa = PBXBuildFile; fileRef = 30570B141E662DBC0031BE0D /* LaunchScreen.storyboard */; };
/* End PBXBuildFile section */

/* Begin PBXFileReference section */
		30570B051E662DBC0031BE0D /* seniorproject.app */ = {isa = PBXFileReference; explicitFileType = wrapper.application; includeInIndex = 0; path = seniorproject.app; sourceTree = BUILT_PRODUCTS_DIR; };
		30570B081E662DBC0031BE0D /* AppDelegate.swift */ = {isa = PBXFileReference; lastKnownFileType = sourcecode.swift; path = AppDelegate.swift; sourceTree = "<group>"; };
		30570B0A1E662DBC0031BE0D /* ViewController.swift */ = {isa = PBXFileReference; lastKnownFileType = sourcecode.swift; path = ViewController.swift; sourceTree = "<group>"; };
		30570B0D1E662DBC0031BE0D /* Base */ = {isa = PBXFileReference; lastKnownFileType = file.storyboard; name = Base; path = Base.lproj/Main.storyboard; sourceTree = "<group>"; };
		30570B101E662DBC0031BE0D /* seniorproject.xcdatamodel */ = {isa = PBXFileReference; lastKnownFileType = wrapper.xcdatamodel; path = seniorproject.xcdatamodel; sourceTree = "<group>"; };
		30570B121E662DBC0031BE0D /* Assets.xcassets */ = {isa = PBXFileReference; lastKnownFileType = folder.assetcatalog; path = Assets.xcassets; sourceTree = "<group>"; };
		30570B151E662DBC0031BE0D /* Base */ = {isa = PBXFileReference; lastKnownFileType = file.storyboard; name = Base; path = Base.lproj/LaunchScreen.storyboard; sourceTree = "<group>"; };
		30570B171E662DBC0031BE0D /* Info.plist */ = {isa = PBXFileReference; lastKnownFileType = text.plist.xml; path = Info.plist; sourceTree = "<group>"; };
/* End PBXFileReference section */

/* Begin PBXFrameworksBuildPhase section */
		30570B021E662DBC0031BE0D /* Frameworks */ = {
			isa = PBXFrameworksBuildPhase;
			buildActionMask = 2147483647;
			files = (
			);
			runOnlyForDeploymentPostprocessing = 0;
		};
/* End PBXFrameworksBuildPhase section */

/* Begin PBXGroup section */
		30570AFC1E662DBC0031BE0D = {
			isa = PBXGroup;
			children = (
				30570B071E662DBC0031BE0D /* seniorproject */,
				30570B061E662DBC0031BE0D /* Products */,
			);
			sourceTree = "<group>";
		};
		30570B061E662DBC0031BE0D /* Products */ = {
			isa = PBXGroup;
			children = (
				30570B051E662DBC0031BE0D /* seniorproject.app */,
			);
			name = Products;
			sourceTree = "<group>";
		};
		30570B071E662DBC0031BE0D /* seniorproject */ = {
			isa = PBXGroup;
			children = (
				30570B081E662DBC0031BE0D /* AppDelegate.swift */,
				30570B0A1E662DBC0031BE0D /* ViewController.swift */,
				30570B0C1E662DBC0031BE0D /* Main.storyboard */,
				30570B121E662DBC0031BE0D /* Assets.xcassets */,
				30570B141E662DBC0031BE0D /* LaunchScreen.storyboard */,
				30570B171E662DBC0031BE0D /* Info.plist */,
				30570B0F1E662DBC0031BE0D /* seniorproject.xcdatamodeld */,
			);
			path = seniorproject;
			sourceTree = "<group>";
		};
/* End PBXGroup section */

/* Begin PBXNativeTarget section */
		30570B041E662DBC0031BE0D /* seniorproject */ = {
			isa = PBXNativeTarget;
			buildConfigurationList = 30570B1A1E662DBC0031BE0D /* Build configuration list for PBXNativeTarget "seniorproject" */;
			buildPhases = (
				30570B011E662DBC0031BE0D /* Sources */,
				30570B021E662DBC0031BE0D /* Frameworks */,
				30570B031E662DBC0031BE0D /* Resources */,
			);
			buildRules = (
			);
			dependencies = (
			);
			name = seniorproject;
			productName = seniorproject;
			productReference = 30570B051E662DBC0031BE0D /* seniorproject.app */;
			productType = "com.apple.product-type.application";
		};
/* End PBXNativeTarget section */

/* Begin PBXProject section */
		30570AFD1E662DBC0031BE0D /* Project object */ = {
			isa = PBXProject;
			attributes = {
				LastSwiftUpdateCheck = 0820;
				LastUpgradeCheck = 0820;
				ORGANIZATIONNAME = "D Silvv Apps";
				TargetAttributes = {
					30570B041E662DBC0031BE0D = {
						CreatedOnToolsVersion = 8.2.1;
						ProvisioningStyle = Automatic;
					};
				};
			};
			buildConfigurationList = 30570B001E662DBC0031BE0D /* Build configuration list for PBXProject "seniorproject" */;
			compatibilityVersion = "Xcode 3.2";
			developmentRegion = English;
			hasScannedForEncodings = 0;
			knownRegions = (
				en,
				Base,
			);
			mainGroup = 30570AFC1E662DBC0031BE0D;
			productRefGroup = 30570B061E662DBC0031BE0D /* Products */;
			projectDirPath = "";
			projectRoot = "";
			targets = (
				30570B041E662DBC0031BE0D /* seniorproject */,
			);
		};
/* End PBXProject section */

/* Begin PBXResourcesBuildPhase section */
		30570B031E662DBC0031BE0D /* Resources */ = {
			isa = PBXResourcesBuildPhase;
			buildActionMask = 2147483647;
			files = (
				30570B161E662DBC0031BE0D /* LaunchScreen.storyboard in Resources */,
				30570B131E662DBC0031BE0D /* Assets.xcassets in Resources */,
				30570B0E1E662DBC0031BE0D /* Main.storyboard in Resources */,
			);
			runOnlyForDeploymentPostprocessing = 0;
		};
/* End PBXResourcesBuildPhase section */

/* Begin PBXSourcesBuildPhase section */
		30570B011E662DBC0031BE0D /* Sources */ = {
			isa = PBXSourcesBuildPhase;
			buildActionMask = 2147483647;
			files = (
				30570B111E662DBC0031BE0D /* seniorproject.xcdatamodeld in Sources */,
				30570B0B1E662DBC0031BE0D /* ViewController.swift in Sources */,
				30570B091E662DBC0031BE0D /* AppDelegate.swift in Sources */,
			);
			runOnlyForDeploymentPostprocessing = 0;
		};
/* End PBXSourcesBuildPhase section */

/* Begin PBXVariantGroup section */
		30570B0C1E662DBC0031BE0D /* Main.storyboard */ = {
			isa = PBXVariantGroup;
			children = (
				30570B0D1E662DBC0031BE0D /* Base */,
			);
			name = Main.storyboard;
			sourceTree = "<group>";
		};
		30570B141E662DBC0031BE0D /* LaunchScreen.storyboard */ = {
			isa = PBXVariantGroup;
			children = (
				30570B151E662DBC0031BE0D /* Base */,
			);
			name = LaunchScreen.storyboard;
			sourceTree = "<group>";
		};
/* End PBXVariantGroup section */

/* Begin XCBuildConfiguration section */
		30570B181E662DBC0031BE0D /* Debug */ = {
			isa = XCBuildConfiguration;
			buildSettings = {
				ALWAYS_SEARCH_USER_PATHS = NO;
				CLANG_ANALYZER_NONNULL = YES;
				CLANG_CXX_LANGUAGE_STANDARD = "gnu++0x";
				CLANG_CXX_LIBRARY = "libc++";
				CLANG_ENABLE_MODULES = YES;
				CLANG_ENABLE_OBJC_ARC = YES;
				CLANG_WARN_BOOL_CONVERSION = YES;
				CLANG_WARN_CONSTANT_CONVERSION = YES;
				CLANG_WARN_DIRECT_OBJC_ISA_USAGE = YES_ERROR;
				CLANG_WARN_DOCUMENTATION_COMMENTS = YES;
				CLANG_WARN_EMPTY_BODY = YES;
				CLANG_WARN_ENUM_CONVERSION = YES;
				CLANG_WARN_INFINITE_RECURSION = YES;
				CLANG_WARN_INT_CONVERSION = YES;
				CLANG_WARN_OBJC_ROOT_CLASS = YES_ERROR;
				CLANG_WARN_SUSPICIOUS_MOVE = YES;
				CLANG_WARN_UNREACHABLE_CODE = YES;
				CLANG_WARN__DUPLICATE_METHOD_MATCH = YES;
				"CODE_SIGN_IDENTITY[sdk=iphoneos*]" = "iPhone Developer";
				COPY_PHASE_STRIP = NO;
				DEBUG_INFORMATION_FORMAT = dwarf;
				ENABLE_STRICT_OBJC_MSGSEND = YES;
				ENABLE_TESTABILITY = YES;
				GCC_C_LANGUAGE_STANDARD = gnu99;
				GCC_DYNAMIC_NO_PIC = NO;
				GCC_NO_COMMON_BLOCKS = YES;
				GCC_OPTIMIZATION_LEVEL = 0;
				GCC_PREPROCESSOR_DEFINITIONS = (
					"DEBUG=1",
					"$(inherited)",
				);
				GCC_WARN_64_TO_32_BIT_CONVERSION = YES;
				GCC_WARN_ABOUT_RETURN_TYPE = YES_ERROR;
				GCC_WARN_UNDECLARED_SELECTOR = YES;
				GCC_WARN_UNINITIALIZED_AUTOS = YES_AGGRESSIVE;
				GCC_WARN_UNUSED_FUNCTION = YES;
				GCC_WARN_UNUSED_VARIABLE = YES;
				IPHONEOS_DEPLOYMENT_TARGET = 10.2;
				MTL_ENABLE_DEBUG_INFO = YES;
				ONLY_ACTIVE_ARCH = YES;
				SDKROOT = iphoneos;
				SWIFT_ACTIVE_COMPILATION_CONDITIONS = DEBUG;
				SWIFT_OPTIMIZATION_LEVEL = "-Onone";
			};
			name = Debug;
		};
		30570B191E662DBC0031BE0D /* Release */ = {
			isa = XCBuildConfiguration;
			buildSettings = {
				ALWAYS_SEARCH_USER_PATHS = NO;
				CLANG_ANALYZER_NONNULL = YES;
				CLANG_CXX_LANGUAGE_STANDARD = "gnu++0x";
				CLANG_CXX_LIBRARY = "libc++";
				CLANG_ENABLE_MODULES = YES;
				CLANG_ENABLE_OBJC_ARC = YES;
				CLANG_WARN_BOOL_CONVERSION = YES;
				CLANG_WARN_CONSTANT_CONVERSION = YES;
				CLANG_WARN_DIRECT_OBJC_ISA_USAGE = YES_ERROR;
				CLANG_WARN_DOCUMENTATION_COMMENTS = YES;
				CLANG_WARN_EMPTY_BODY = YES;
				CLANG_WARN_ENUM_CONVERSION = YES;
				CLANG_WARN_INFINITE_RECURSION = YES;
				CLANG_WARN_INT_CONVERSION = YES;
				CLANG_WARN_OBJC_ROOT_CLASS = YES_ERROR;
				CLANG_WARN_SUSPICIOUS_MOVE = YES;
				CLANG_WARN_UNREACHABLE_CODE = YES;
				CLANG_WARN__DUPLICATE_METHOD_MATCH = YES;
				"CODE_SIGN_IDENTITY[sdk=iphoneos*]" = "iPhone Developer";
				COPY_PHASE_STRIP = NO;
				DEBUG_INFORMATION_FORMAT = "dwarf-with-dsym";
				ENABLE_NS_ASSERTIONS = NO;
				ENABLE_STRICT_OBJC_MSGSEND = YES;
				GCC_C_LANGUAGE_STANDARD = gnu99;
				GCC_NO_COMMON_BLOCKS = YES;
				GCC_WARN_64_TO_32_BIT_CONVERSION = YES;
				GCC_WARN_ABOUT_RETURN_TYPE = YES_ERROR;
				GCC_WARN_UNDECLARED_SELECTOR = YES;
				GCC_WARN_UNINITIALIZED_AUTOS = YES_AGGRESSIVE;
				GCC_WARN_UNUSED_FUNCTION = YES;
				GCC_WARN_UNUSED_VARIABLE = YES;
				IPHONEOS_DEPLOYMENT_TARGET = 10.2;
				MTL_ENABLE_DEBUG_INFO = NO;
				SDKROOT = iphoneos;
				SWIFT_OPTIMIZATION_LEVEL = "-Owholemodule";
				VALIDATE_PRODUCT = YES;
			};
			name = Release;
		};
		30570B1B1E662DBC0031BE0D /* Debug */ = {
			isa = XCBuildConfiguration;
			buildSettings = {
				ASSETCATALOG_COMPILER_APPICON_NAME = AppIcon;
				INFOPLIST_FILE = seniorproject/Info.plist;
				LD_RUNPATH_SEARCH_PATHS = "$(inherited) @executable_path/Frameworks";
				PRODUCT_BUNDLE_IDENTIFIER = com.dsilvvapps.seniorproject;
				PRODUCT_NAME = "$(TARGET_NAME)";
				SWIFT_VERSION = 3.0;
			};
			name = Debug;
		};
		30570B1C1E662DBC0031BE0D /* Release */ = {
			isa = XCBuildConfiguration;
			buildSettings = {
				ASSETCATALOG_COMPILER_APPICON_NAME = AppIcon;
				INFOPLIST_FILE = seniorproject/Info.plist;
				LD_RUNPATH_SEARCH_PATHS = "$(inherited) @executable_path/Frameworks";
				PRODUCT_BUNDLE_IDENTIFIER = com.dsilvvapps.seniorproject;
				PRODUCT_NAME = "$(TARGET_NAME)";
				SWIFT_VERSION = 3.0;
			};
			name = Release;
		};
/* End XCBuildConfiguration section */

/* Begin XCConfigurationList section */
		30570B001E662DBC0031BE0D /* Build configuration list for PBXProject "seniorproject" */ = {
			isa = XCConfigurationList;
			buildConfigurations = (
				30570B181E662DBC0031BE0D /* Debug */,
				30570B191E662DBC0031BE0D /* Release */,
			);
			defaultConfigurationIsVisible = 0;
			defaultConfigurationName = Release;
		};
		30570B1A1E662DBC0031BE0D /* Build configuration list for PBXNativeTarget "seniorproject" */ = {
			isa = XCConfigurationList;
			buildConfigurations = (
				30570B1B1E662DBC0031BE0D /* Debug */,
				30570B1C1E662DBC0031BE0D /* Release */,
			);
			defaultConfigurationIsVisible = 0;
		};
/* End XCConfigurationList section */

/* Begin XCVersionGroup section */
		30570B0F1E662DBC0031BE0D /* seniorproject.xcdatamodeld */ = {
			isa = XCVersionGroup;
			children = (
				30570B101E662DBC0031BE0D /* seniorproject.xcdatamodel */,
			);
			currentVersion = 30570B101E662DBC0031BE0D /* seniorproject.xcdatamodel */;
			path = seniorproject.xcdatamodeld;
			sourceTree = "<group>";
			versionGroupType = wrapper.xcdatamodel;
		};
/* End XCVersionGroup section */
	};
	rootObject = 30570AFD1E662DBC0031BE0D /* Project object */;
}
